
Microsoft Visual Studio Solution File, Format Version 12.00
# Visual Studio Version 17
VisualStudioVersion = 17.4.33213.308
MinimumVisualStudioVersion = 10.0.40219.1
Project("{FAE04EC0-301F-11D3-BF4B-00C04F79EFBC}") = "Livrable1", "Livrable1.csproj", "{AC10A28F-5580-4C00-A0BC-AFFB5323F6BD}"
EndProject
Global
	GlobalSection(SolutionConfigurationPlatforms) = preSolution
		Debug|Any CPU = Debug|Any CPU
		Release|Any CPU = Release|Any CPU
	EndGlobalSection
	GlobalSection(ProjectConfigurationPlatforms) = postSolution
		{AC10A28F-5580-4C00-A0BC-AFFB5323F6BD}.Debug|Any CPU.ActiveCfg = Debug|Any CPU
		{AC10A28F-5580-4C00-A0BC-AFFB5323F6BD}.Debug|Any CPU.Build.0 = Debug|Any CPU
		{AC10A28F-5580-4C00-A0BC-AFFB5323F6BD}.Release|Any CPU.ActiveCfg = Release|Any CPU
		{AC10A28F-5580-4C00-A0BC-AFFB5323F6BD}.Release|Any CPU.Build.0 = Release|Any CPU
	EndGlobalSection
	GlobalSection(SolutionProperties) = preSolution
		HideSolutionNode = FALSE
	EndGlobalSection
	GlobalSection(ExtensibilityGlobals) = postSolution
		SolutionGuid = {4B9445CD-94DB-4DDA-B1EB-12124D3F16C5}
	EndGlobalSection
EndGlobal
